// !$*UTF8*$!
{
	archiveVersion = 1;
	classes = {
	};
	objectVersion = 56;
	objects = {

/* Begin PBXBuildFile section */
		E49365EF2BBCF2850093D286 /* ImagePagerApp.swift in Sources */ = {isa = PBXBuildFile; fileRef = E49365EE2BBCF2850093D286 /* ImagePagerApp.swift */; };
		E49365F12BBCF2850093D286 /* ContentView.swift in Sources */ = {isa = PBXBuildFile; fileRef = E49365F02BBCF2850093D286 /* ContentView.swift */; };
		E49365F32BBCF2860093D286 /* Assets.xcassets in Resources */ = {isa = PBXBuildFile; fileRef = E49365F22BBCF2860093D286 /* Assets.xcassets */; };
		E49365F62BBCF2860093D286 /* Preview Assets.xcassets in Resources */ = {isa = PBXBuildFile; fileRef = E49365F52BBCF2860093D286 /* Preview Assets.xcassets */; };
		E49366002BBCF2860093D286 /* ImagePagerTests.swift in Sources */ = {isa = PBXBuildFile; fileRef = E49365FF2BBCF2860093D286 /* ImagePagerTests.swift */; };
		E493660A2BBCF2860093D286 /* ImagePagerUITests.swift in Sources */ = {isa = PBXBuildFile; fileRef = E49366092BBCF2860093D286 /* ImagePagerUITests.swift */; };
		E493660C2BBCF2860093D286 /* ImagePagerUITestsLaunchTests.swift in Sources */ = {isa = PBXBuildFile; fileRef = E493660B2BBCF2860093D286 /* ImagePagerUITestsLaunchTests.swift */; };
		E49366192BBCF2BA0093D286 /* ImageGestureModifier.swift in Sources */ = {isa = PBXBuildFile; fileRef = E49366182BBCF2BA0093D286 /* ImageGestureModifier.swift */; };
		E493661B2BBCF38C0093D286 /* ImagePager.swift in Sources */ = {isa = PBXBuildFile; fileRef = E493661A2BBCF38C0093D286 /* ImagePager.swift */; };
		E493661E2BBCF5390093D286 /* Nuke in Frameworks */ = {isa = PBXBuildFile; productRef = E493661D2BBCF5390093D286 /* Nuke */; };
		E49366202BBCF5390093D286 /* NukeUI in Frameworks */ = {isa = PBXBuildFile; productRef = E493661F2BBCF5390093D286 /* NukeUI */; };
/* End PBXBuildFile section */

/* Begin PBXContainerItemProxy section */
		E49365FC2BBCF2860093D286 /* PBXContainerItemProxy */ = {
			isa = PBXContainerItemProxy;
			containerPortal = E49365E32BBCF2850093D286 /* Project object */;
			proxyType = 1;
			remoteGlobalIDString = E49365EA2BBCF2850093D286;
			remoteInfo = ImagePager;
		};
		E49366062BBCF2860093D286 /* PBXContainerItemProxy */ = {
			isa = PBXContainerItemProxy;
			containerPortal = E49365E32BBCF2850093D286 /* Project object */;
			proxyType = 1;
			remoteGlobalIDString = E49365EA2BBCF2850093D286;
			remoteInfo = ImagePager;
		};
/* End PBXContainerItemProxy section */

/* Begin PBXFileReference section */
		E49365EB2BBCF2850093D286 /* ImagePager.app */ = {isa = PBXFileReference; explicitFileType = wrapper.application; includeInIndex = 0; path = ImagePager.app; sourceTree = BUILT_PRODUCTS_DIR; };
		E49365EE2BBCF2850093D286 /* ImagePagerApp.swift */ = {isa = PBXFileReference; lastKnownFileType = sourcecode.swift; path = ImagePagerApp.swift; sourceTree = "<group>"; };
		E49365F02BBCF2850093D286 /* ContentView.swift */ = {isa = PBXFileReference; lastKnownFileType = sourcecode.swift; path = ContentView.swift; sourceTree = "<group>"; };
		E49365F22BBCF2860093D286 /* Assets.xcassets */ = {isa = PBXFileReference; lastKnownFileType = folder.assetcatalog; path = Assets.xcassets; sourceTree = "<group>"; };
		E49365F52BBCF2860093D286 /* Preview Assets.xcassets */ = {isa = PBXFileReference; lastKnownFileType = folder.assetcatalog; path = "Preview Assets.xcassets"; sourceTree = "<group>"; };
		E49365FB2BBCF2860093D286 /* ImagePagerTests.xctest */ = {isa = PBXFileReference; explicitFileType = wrapper.cfbundle; includeInIndex = 0; path = ImagePagerTests.xctest; sourceTree = BUILT_PRODUCTS_DIR; };
		E49365FF2BBCF2860093D286 /* ImagePagerTests.swift */ = {isa = PBXFileReference; lastKnownFileType = sourcecode.swift; path = ImagePagerTests.swift; sourceTree = "<group>"; };
		E49366052BBCF2860093D286 /* ImagePagerUITests.xctest */ = {isa = PBXFileReference; explicitFileType = wrapper.cfbundle; includeInIndex = 0; path = ImagePagerUITests.xctest; sourceTree = BUILT_PRODUCTS_DIR; };
		E49366092BBCF2860093D286 /* ImagePagerUITests.swift */ = {isa = PBXFileReference; lastKnownFileType = sourcecode.swift; path = ImagePagerUITests.swift; sourceTree = "<group>"; };
		E493660B2BBCF2860093D286 /* ImagePagerUITestsLaunchTests.swift */ = {isa = PBXFileReference; lastKnownFileType = sourcecode.swift; path = ImagePagerUITestsLaunchTests.swift; sourceTree = "<group>"; };
		E49366182BBCF2BA0093D286 /* ImageGestureModifier.swift */ = {isa = PBXFileReference; lastKnownFileType = sourcecode.swift; path = ImageGestureModifier.swift; sourceTree = "<group>"; };
		E493661A2BBCF38C0093D286 /* ImagePager.swift */ = {isa = PBXFileReference; lastKnownFileType = sourcecode.swift; path = ImagePager.swift; sourceTree = "<group>"; };
/* End PBXFileReference section */

/* Begin PBXFrameworksBuildPhase section */
		E49365E82BBCF2850093D286 /* Frameworks */ = {
			isa = PBXFrameworksBuildPhase;
			buildActionMask = 2147483647;
			files = (
				E493661E2BBCF5390093D286 /* Nuke in Frameworks */,
				E49366202BBCF5390093D286 /* NukeUI in Frameworks */,
			);
			runOnlyForDeploymentPostprocessing = 0;
		};
		E49365F82BBCF2860093D286 /* Frameworks */ = {
			isa = PBXFrameworksBuildPhase;
			buildActionMask = 2147483647;
			files = (
			);
			runOnlyForDeploymentPostprocessing = 0;
		};
		E49366022BBCF2860093D286 /* Frameworks */ = {
			isa = PBXFrameworksBuildPhase;
			buildActionMask = 2147483647;
			files = (
			);
			runOnlyForDeploymentPostprocessing = 0;
		};
/* End PBXFrameworksBuildPhase section */

/* Begin PBXGroup section */
		E49365E22BBCF2850093D286 = {
			isa = PBXGroup;
			children = (
				E49365ED2BBCF2850093D286 /* ImagePager */,
				E49365FE2BBCF2860093D286 /* ImagePagerTests */,
				E49366082BBCF2860093D286 /* ImagePagerUITests */,
				E49365EC2BBCF2850093D286 /* Products */,
			);
			sourceTree = "<group>";
		};
		E49365EC2BBCF2850093D286 /* Products */ = {
			isa = PBXGroup;
			children = (
				E49365EB2BBCF2850093D286 /* ImagePager.app */,
				E49365FB2BBCF2860093D286 /* ImagePagerTests.xctest */,
				E49366052BBCF2860093D286 /* ImagePagerUITests.xctest */,
			);
			name = Products;
			sourceTree = "<group>";
		};
		E49365ED2BBCF2850093D286 /* ImagePager */ = {
			isa = PBXGroup;
			children = (
				E49365EE2BBCF2850093D286 /* ImagePagerApp.swift */,
				E49365F02BBCF2850093D286 /* ContentView.swift */,
				E49365F22BBCF2860093D286 /* Assets.xcassets */,
				E49365F42BBCF2860093D286 /* Preview Content */,
				E49366182BBCF2BA0093D286 /* ImageGestureModifier.swift */,
				E493661A2BBCF38C0093D286 /* ImagePager.swift */,
			);
			path = ImagePager;
			sourceTree = "<group>";
		};
		E49365F42BBCF2860093D286 /* Preview Content */ = {
			isa = PBXGroup;
			children = (
				E49365F52BBCF2860093D286 /* Preview Assets.xcassets */,
			);
			path = "Preview Content";
			sourceTree = "<group>";
		};
		E49365FE2BBCF2860093D286 /* ImagePagerTests */ = {
			isa = PBXGroup;
			children = (
				E49365FF2BBCF2860093D286 /* ImagePagerTests.swift */,
			);
			path = ImagePagerTests;
			sourceTree = "<group>";
		};
		E49366082BBCF2860093D286 /* ImagePagerUITests */ = {
			isa = PBXGroup;
			children = (
				E49366092BBCF2860093D286 /* ImagePagerUITests.swift */,
				E493660B2BBCF2860093D286 /* ImagePagerUITestsLaunchTests.swift */,
			);
			path = ImagePagerUITests;
			sourceTree = "<group>";
		};
/* End PBXGroup section */

/* Begin PBXNativeTarget section */
		E49365EA2BBCF2850093D286 /* ImagePager */ = {
			isa = PBXNativeTarget;
			buildConfigurationList = E493660F2BBCF2860093D286 /* Build configuration list for PBXNativeTarget "ImagePager" */;
			buildPhases = (
				E49365E72BBCF2850093D286 /* Sources */,
				E49365E82BBCF2850093D286 /* Frameworks */,
				E49365E92BBCF2850093D286 /* Resources */,
			);
			buildRules = (
			);
			dependencies = (
			);
			name = ImagePager;
			packageProductDependencies = (
				E493661D2BBCF5390093D286 /* Nuke */,
				E493661F2BBCF5390093D286 /* NukeUI */,
			);
			productName = ImagePager;
			productReference = E49365EB2BBCF2850093D286 /* ImagePager.app */;
			productType = "com.apple.product-type.application";
		};
		E49365FA2BBCF2860093D286 /* ImagePagerTests */ = {
			isa = PBXNativeTarget;
			buildConfigurationList = E49366122BBCF2860093D286 /* Build configuration list for PBXNativeTarget "ImagePagerTests" */;
			buildPhases = (
				E49365F72BBCF2860093D286 /* Sources */,
				E49365F82BBCF2860093D286 /* Frameworks */,
				E49365F92BBCF2860093D286 /* Resources */,
			);
			buildRules = (
			);
			dependencies = (
				E49365FD2BBCF2860093D286 /* PBXTargetDependency */,
			);
			name = ImagePagerTests;
			productName = ImagePagerTests;
			productReference = E49365FB2BBCF2860093D286 /* ImagePagerTests.xctest */;
			productType = "com.apple.product-type.bundle.unit-test";
		};
		E49366042BBCF2860093D286 /* ImagePagerUITests */ = {
			isa = PBXNativeTarget;
			buildConfigurationList = E49366152BBCF2860093D286 /* Build configuration list for PBXNativeTarget "ImagePagerUITests" */;
			buildPhases = (
				E49366012BBCF2860093D286 /* Sources */,
				E49366022BBCF2860093D286 /* Frameworks */,
				E49366032BBCF2860093D286 /* Resources */,
			);
			buildRules = (
			);
			dependencies = (
				E49366072BBCF2860093D286 /* PBXTargetDependency */,
			);
			name = ImagePagerUITests;
			productName = ImagePagerUITests;
			productReference = E49366052BBCF2860093D286 /* ImagePagerUITests.xctest */;
			productType = "com.apple.product-type.bundle.ui-testing";
		};
/* End PBXNativeTarget section */

/* Begin PBXProject section */
		E49365E32BBCF2850093D286 /* Project object */ = {
			isa = PBXProject;
			attributes = {
				BuildIndependentTargetsInParallel = 1;
				LastSwiftUpdateCheck = 1530;
				LastUpgradeCheck = 1530;
				TargetAttributes = {
					E49365EA2BBCF2850093D286 = {
						CreatedOnToolsVersion = 15.3;
					};
					E49365FA2BBCF2860093D286 = {
						CreatedOnToolsVersion = 15.3;
						TestTargetID = E49365EA2BBCF2850093D286;
					};
					E49366042BBCF2860093D286 = {
						CreatedOnToolsVersion = 15.3;
						TestTargetID = E49365EA2BBCF2850093D286;
					};
				};
			};
			buildConfigurationList = E49365E62BBCF2850093D286 /* Build configuration list for PBXProject "ImagePager" */;
			compatibilityVersion = "Xcode 14.0";
			developmentRegion = en;
			hasScannedForEncodings = 0;
			knownRegions = (
				en,
				Base,
			);
			mainGroup = E49365E22BBCF2850093D286;
			packageReferences = (
				E493661C2BBCF5390093D286 /* XCRemoteSwiftPackageReference "Nuke" */,
			);
			productRefGroup = E49365EC2BBCF2850093D286 /* Products */;
			projectDirPath = "";
			projectRoot = "";
			targets = (
				E49365EA2BBCF2850093D286 /* ImagePager */,
				E49365FA2BBCF2860093D286 /* ImagePagerTests */,
				E49366042BBCF2860093D286 /* ImagePagerUITests */,
			);
		};
/* End PBXProject section */

/* Begin PBXResourcesBuildPhase section */
		E49365E92BBCF2850093D286 /* Resources */ = {
			isa = PBXResourcesBuildPhase;
			buildActionMask = 2147483647;
			files = (
				E49365F62BBCF2860093D286 /* Preview Assets.xcassets in Resources */,
				E49365F32BBCF2860093D286 /* Assets.xcassets in Resources */,
			);
			runOnlyForDeploymentPostprocessing = 0;
		};
		E49365F92BBCF2860093D286 /* Resources */ = {
			isa = PBXResourcesBuildPhase;
			buildActionMask = 2147483647;
			files = (
			);
			runOnlyForDeploymentPostprocessing = 0;
		};
		E49366032BBCF2860093D286 /* Resources */ = {
			isa = PBXResourcesBuildPhase;
			buildActionMask = 2147483647;
			files = (
			);
			runOnlyForDeploymentPostprocessing = 0;
		};
/* End PBXResourcesBuildPhase section */

/* Begin PBXSourcesBuildPhase section */
		E49365E72BBCF2850093D286 /* Sources */ = {
			isa = PBXSourcesBuildPhase;
			buildActionMask = 2147483647;
			files = (
				E49365F12BBCF2850093D286 /* ContentView.swift in Sources */,
				E493661B2BBCF38C0093D286 /* ImagePager.swift in Sources */,
				E49365EF2BBCF2850093D286 /* ImagePagerApp.swift in Sources */,
				E49366192BBCF2BA0093D286 /* ImageGestureModifier.swift in Sources */,
			);
			runOnlyForDeploymentPostprocessing = 0;
		};
		E49365F72BBCF2860093D286 /* Sources */ = {
			isa = PBXSourcesBuildPhase;
			buildActionMask = 2147483647;
			files = (
				E49366002BBCF2860093D286 /* ImagePagerTests.swift in Sources */,
			);
			runOnlyForDeploymentPostprocessing = 0;
		};
		E49366012BBCF2860093D286 /* Sources */ = {
			isa = PBXSourcesBuildPhase;
			buildActionMask = 2147483647;
			files = (
				E493660C2BBCF2860093D286 /* ImagePagerUITestsLaunchTests.swift in Sources */,
				E493660A2BBCF2860093D286 /* ImagePagerUITests.swift in Sources */,
			);
			runOnlyForDeploymentPostprocessing = 0;
		};
/* End PBXSourcesBuildPhase section */

/* Begin PBXTargetDependency section */
		E49365FD2BBCF2860093D286 /* PBXTargetDependency */ = {
			isa = PBXTargetDependency;
			target = E49365EA2BBCF2850093D286 /* ImagePager */;
			targetProxy = E49365FC2BBCF2860093D286 /* PBXContainerItemProxy */;
		};
		E49366072BBCF2860093D286 /* PBXTargetDependency */ = {
			isa = PBXTargetDependency;
			target = E49365EA2BBCF2850093D286 /* ImagePager */;
			targetProxy = E49366062BBCF2860093D286 /* PBXContainerItemProxy */;
		};
/* End PBXTargetDependency section */

/* Begin XCBuildConfiguration section */
		E493660D2BBCF2860093D286 /* Debug */ = {
			isa = XCBuildConfiguration;
			buildSettings = {
				ALWAYS_SEARCH_USER_PATHS = NO;
				ASSETCATALOG_COMPILER_GENERATE_SWIFT_ASSET_SYMBOL_EXTENSIONS = YES;
				CLANG_ANALYZER_NONNULL = YES;
				CLANG_ANALYZER_NUMBER_OBJECT_CONVERSION = YES_AGGRESSIVE;
				CLANG_CXX_LANGUAGE_STANDARD = "gnu++20";
				CLANG_ENABLE_MODULES = YES;
				CLANG_ENABLE_OBJC_ARC = YES;
				CLANG_ENABLE_OBJC_WEAK = YES;
				CLANG_WARN_BLOCK_CAPTURE_AUTORELEASING = YES;
				CLANG_WARN_BOOL_CONVERSION = YES;
				CLANG_WARN_COMMA = YES;
				CLANG_WARN_CONSTANT_CONVERSION = YES;
				CLANG_WARN_DEPRECATED_OBJC_IMPLEMENTATIONS = YES;
				CLANG_WARN_DIRECT_OBJC_ISA_USAGE = YES_ERROR;
				CLANG_WARN_DOCUMENTATION_COMMENTS = YES;
				CLANG_WARN_EMPTY_BODY = YES;
				CLANG_WARN_ENUM_CONVERSION = YES;
				CLANG_WARN_INFINITE_RECURSION = YES;
				CLANG_WARN_INT_CONVERSION = YES;
				CLANG_WARN_NON_LITERAL_NULL_CONVERSION = YES;
				CLANG_WARN_OBJC_IMPLICIT_RETAIN_SELF = YES;
				CLANG_WARN_OBJC_LITERAL_CONVERSION = YES;
				CLANG_WARN_OBJC_ROOT_CLASS = YES_ERROR;
				CLANG_WARN_QUOTED_INCLUDE_IN_FRAMEWORK_HEADER = YES;
				CLANG_WARN_RANGE_LOOP_ANALYSIS = YES;
				CLANG_WARN_STRICT_PROTOTYPES = YES;
				CLANG_WARN_SUSPICIOUS_MOVE = YES;
				CLANG_WARN_UNGUARDED_AVAILABILITY = YES_AGGRESSIVE;
				CLANG_WARN_UNREACHABLE_CODE = YES;
				CLANG_WARN__DUPLICATE_METHOD_MATCH = YES;
				COPY_PHASE_STRIP = NO;
				DEBUG_INFORMATION_FORMAT = dwarf;
				ENABLE_STRICT_OBJC_MSGSEND = YES;
				ENABLE_TESTABILITY = YES;
				ENABLE_USER_SCRIPT_SANDBOXING = YES;
				GCC_C_LANGUAGE_STANDARD = gnu17;
				GCC_DYNAMIC_NO_PIC = NO;
				GCC_NO_COMMON_BLOCKS = YES;
				GCC_OPTIMIZATION_LEVEL = 0;
				GCC_PREPROCESSOR_DEFINITIONS = (
					"DEBUG=1",
					"$(inherited)",
				);
				GCC_WARN_64_TO_32_BIT_CONVERSION = YES;
				GCC_WARN_ABOUT_RETURN_TYPE = YES_ERROR;
				GCC_WARN_UNDECLARED_SELECTOR = YES;
				GCC_WARN_UNINITIALIZED_AUTOS = YES_AGGRESSIVE;
				GCC_WARN_UNUSED_FUNCTION = YES;
				GCC_WARN_UNUSED_VARIABLE = YES;
				IPHONEOS_DEPLOYMENT_TARGET = 17.4;
				LOCALIZATION_PREFERS_STRING_CATALOGS = YES;
				MTL_ENABLE_DEBUG_INFO = INCLUDE_SOURCE;
				MTL_FAST_MATH = YES;
				ONLY_ACTIVE_ARCH = YES;
				SDKROOT = iphoneos;
				SWIFT_ACTIVE_COMPILATION_CONDITIONS = "DEBUG $(inherited)";
				SWIFT_OPTIMIZATION_LEVEL = "-Onone";
			};
			name = Debug;
		};
		E493660E2BBCF2860093D286 /* Release */ = {
			isa = XCBuildConfiguration;
			buildSettings = {
				ALWAYS_SEARCH_USER_PATHS = NO;
				ASSETCATALOG_COMPILER_GENERATE_SWIFT_ASSET_SYMBOL_EXTENSIONS = YES;
				CLANG_ANALYZER_NONNULL = YES;
				CLANG_ANALYZER_NUMBER_OBJECT_CONVERSION = YES_AGGRESSIVE;
				CLANG_CXX_LANGUAGE_STANDARD = "gnu++20";
				CLANG_ENABLE_MODULES = YES;
				CLANG_ENABLE_OBJC_ARC = YES;
				CLANG_ENABLE_OBJC_WEAK = YES;
				CLANG_WARN_BLOCK_CAPTURE_AUTORELEASING = YES;
				CLANG_WARN_BOOL_CONVERSION = YES;
				CLANG_WARN_COMMA = YES;
				CLANG_WARN_CONSTANT_CONVERSION = YES;
				CLANG_WARN_DEPRECATED_OBJC_IMPLEMENTATIONS = YES;
				CLANG_WARN_DIRECT_OBJC_ISA_USAGE = YES_ERROR;
				CLANG_WARN_DOCUMENTATION_COMMENTS = YES;
				CLANG_WARN_EMPTY_BODY = YES;
				CLANG_WARN_ENUM_CONVERSION = YES;
				CLANG_WARN_INFINITE_RECURSION = YES;
				CLANG_WARN_INT_CONVERSION = YES;
				CLANG_WARN_NON_LITERAL_NULL_CONVERSION = YES;
				CLANG_WARN_OBJC_IMPLICIT_RETAIN_SELF = YES;
				CLANG_WARN_OBJC_LITERAL_CONVERSION = YES;
				CLANG_WARN_OBJC_ROOT_CLASS = YES_ERROR;
				CLANG_WARN_QUOTED_INCLUDE_IN_FRAMEWORK_HEADER = YES;
				CLANG_WARN_RANGE_LOOP_ANALYSIS = YES;
				CLANG_WARN_STRICT_PROTOTYPES = YES;
				CLANG_WARN_SUSPICIOUS_MOVE = YES;
				CLANG_WARN_UNGUARDED_AVAILABILITY = YES_AGGRESSIVE;
				CLANG_WARN_UNREACHABLE_CODE = YES;
				CLANG_WARN__DUPLICATE_METHOD_MATCH = YES;
				COPY_PHASE_STRIP = NO;
				DEBUG_INFORMATION_FORMAT = "dwarf-with-dsym";
				ENABLE_NS_ASSERTIONS = NO;
				ENABLE_STRICT_OBJC_MSGSEND = YES;
				ENABLE_USER_SCRIPT_SANDBOXING = YES;
				GCC_C_LANGUAGE_STANDARD = gnu17;
				GCC_NO_COMMON_BLOCKS = YES;
				GCC_WARN_64_TO_32_BIT_CONVERSION = YES;
				GCC_WARN_ABOUT_RETURN_TYPE = YES_ERROR;
				GCC_WARN_UNDECLARED_SELECTOR = YES;
				GCC_WARN_UNINITIALIZED_AUTOS = YES_AGGRESSIVE;
				GCC_WARN_UNUSED_FUNCTION = YES;
				GCC_WARN_UNUSED_VARIABLE = YES;
				IPHONEOS_DEPLOYMENT_TARGET = 17.4;
				LOCALIZATION_PREFERS_STRING_CATALOGS = YES;
				MTL_ENABLE_DEBUG_INFO = NO;
				MTL_FAST_MATH = YES;
				SDKROOT = iphoneos;
				SWIFT_COMPILATION_MODE = wholemodule;
				VALIDATE_PRODUCT = YES;
			};
			name = Release;
		};
		E49366102BBCF2860093D286 /* Debug */ = {
			isa = XCBuildConfiguration;
			buildSettings = {
				ASSETCATALOG_COMPILER_APPICON_NAME = AppIcon;
				ASSETCATALOG_COMPILER_GLOBAL_ACCENT_COLOR_NAME = AccentColor;
				CODE_SIGN_STYLE = Automatic;
				CURRENT_PROJECT_VERSION = 1;
				DEVELOPMENT_ASSET_PATHS = "\"ImagePager/Preview Content\"";
				DEVELOPMENT_TEAM = 5H954Y6JS7;
				ENABLE_PREVIEWS = YES;
				GENERATE_INFOPLIST_FILE = YES;
				INFOPLIST_KEY_UIApplicationSceneManifest_Generation = YES;
				INFOPLIST_KEY_UIApplicationSupportsIndirectInputEvents = YES;
				INFOPLIST_KEY_UILaunchScreen_Generation = YES;
				INFOPLIST_KEY_UISupportedInterfaceOrientations_iPad = "UIInterfaceOrientationPortrait UIInterfaceOrientationPortraitUpsideDown UIInterfaceOrientationLandscapeLeft UIInterfaceOrientationLandscapeRight";
				INFOPLIST_KEY_UISupportedInterfaceOrientations_iPhone = "UIInterfaceOrientationPortrait UIInterfaceOrientationLandscapeLeft UIInterfaceOrientationLandscapeRight";
				IPHONEOS_DEPLOYMENT_TARGET = 16.0;
				LD_RUNPATH_SEARCH_PATHS = (
					"$(inherited)",
					"@executable_path/Frameworks",
				);
				MARKETING_VERSION = 1.0;
				PRODUCT_BUNDLE_IDENTIFIER = jp.gardenall.ImagePager;
				PRODUCT_NAME = "$(TARGET_NAME)";
				SWIFT_EMIT_LOC_STRINGS = YES;
				SWIFT_VERSION = 5.0;
				TARGETED_DEVICE_FAMILY = "1,2";
			};
			name = Debug;
		};
		E49366112BBCF2860093D286 /* Release */ = {
			isa = XCBuildConfiguration;
			buildSettings = {
				ASSETCATALOG_COMPILER_APPICON_NAME = AppIcon;
				ASSETCATALOG_COMPILER_GLOBAL_ACCENT_COLOR_NAME = AccentColor;
				CODE_SIGN_STYLE = Automatic;
				CURRENT_PROJECT_VERSION = 1;
				DEVELOPMENT_ASSET_PATHS = "\"ImagePager/Preview Content\"";
				DEVELOPMENT_TEAM = 5H954Y6JS7;
				ENABLE_PREVIEWS = YES;
				GENERATE_INFOPLIST_FILE = YES;
				INFOPLIST_KEY_UIApplicationSceneManifest_Generation = YES;
				INFOPLIST_KEY_UIApplicationSupportsIndirectInputEvents = YES;
				INFOPLIST_KEY_UILaunchScreen_Generation = YES;
				INFOPLIST_KEY_UISupportedInterfaceOrientations_iPad = "UIInterfaceOrientationPortrait UIInterfaceOrientationPortraitUpsideDown UIInterfaceOrientationLandscapeLeft UIInterfaceOrientationLandscapeRight";
				INFOPLIST_KEY_UISupportedInterfaceOrientations_iPhone = "UIInterfaceOrientationPortrait UIInterfaceOrientationLandscapeLeft UIInterfaceOrientationLandscapeRight";
				IPHONEOS_DEPLOYMENT_TARGET = 16.0;
				LD_RUNPATH_SEARCH_PATHS = (
					"$(inherited)",
					"@executable_path/Frameworks",
				);
				MARKETING_VERSION = 1.0;
				PRODUCT_BUNDLE_IDENTIFIER = jp.gardenall.ImagePager;
				PRODUCT_NAME = "$(TARGET_NAME)";
				SWIFT_EMIT_LOC_STRINGS = YES;
				SWIFT_VERSION = 5.0;
				TARGETED_DEVICE_FAMILY = "1,2";
			};
			name = Release;
		};
		E49366132BBCF2860093D286 /* Debug */ = {
			isa = XCBuildConfiguration;
			buildSettings = {
				ALWAYS_EMBED_SWIFT_STANDARD_LIBRARIES = YES;
				BUNDLE_LOADER = "$(TEST_HOST)";
				CODE_SIGN_STYLE = Automatic;
				CURRENT_PROJECT_VERSION = 1;
				DEVELOPMENT_TEAM = 5H954Y6JS7;
				GENERATE_INFOPLIST_FILE = YES;
				IPHONEOS_DEPLOYMENT_TARGET = 17.4;
				MARKETING_VERSION = 1.0;
				PRODUCT_BUNDLE_IDENTIFIER = jp.gardenall.ImagePagerTests;
				PRODUCT_NAME = "$(TARGET_NAME)";
				SWIFT_EMIT_LOC_STRINGS = NO;
				SWIFT_VERSION = 5.0;
				TARGETED_DEVICE_FAMILY = "1,2";
				TEST_HOST = "$(BUILT_PRODUCTS_DIR)/ImagePager.app/$(BUNDLE_EXECUTABLE_FOLDER_PATH)/ImagePager";
			};
			name = Debug;
		};
		E49366142BBCF2860093D286 /* Release */ = {
			isa = XCBuildConfiguration;
			buildSettings = {
				ALWAYS_EMBED_SWIFT_STANDARD_LIBRARIES = YES;
				BUNDLE_LOADER = "$(TEST_HOST)";
				CODE_SIGN_STYLE = Automatic;
				CURRENT_PROJECT_VERSION = 1;
				DEVELOPMENT_TEAM = 5H954Y6JS7;
				GENERATE_INFOPLIST_FILE = YES;
				IPHONEOS_DEPLOYMENT_TARGET = 17.4;
				MARKETING_VERSION = 1.0;
				PRODUCT_BUNDLE_IDENTIFIER = jp.gardenall.ImagePagerTests;
				PRODUCT_NAME = "$(TARGET_NAME)";
				SWIFT_EMIT_LOC_STRINGS = NO;
				SWIFT_VERSION = 5.0;
				TARGETED_DEVICE_FAMILY = "1,2";
				TEST_HOST = "$(BUILT_PRODUCTS_DIR)/ImagePager.app/$(BUNDLE_EXECUTABLE_FOLDER_PATH)/ImagePager";
			};
			name = Release;
		};
		E49366162BBCF2860093D286 /* Debug */ = {
			isa = XCBuildConfiguration;
			buildSettings = {
				ALWAYS_EMBED_SWIFT_STANDARD_LIBRARIES = YES;
				CODE_SIGN_STYLE = Automatic;
				CURRENT_PROJECT_VERSION = 1;
				DEVELOPMENT_TEAM = 5H954Y6JS7;
				GENERATE_INFOPLIST_FILE = YES;
				MARKETING_VERSION = 1.0;
				PRODUCT_BUNDLE_IDENTIFIER = jp.gardenall.ImagePagerUITests;
				PRODUCT_NAME = "$(TARGET_NAME)";
				SWIFT_EMIT_LOC_STRINGS = NO;
				SWIFT_VERSION = 5.0;
				TARGETED_DEVICE_FAMILY = "1,2";
				TEST_TARGET_NAME = ImagePager;
			};
			name = Debug;
		};
		E49366172BBCF2860093D286 /* Release */ = {
			isa = XCBuildConfiguration;
			buildSettings = {
				ALWAYS_EMBED_SWIFT_STANDARD_LIBRARIES = YES;
				CODE_SIGN_STYLE = Automatic;
				CURRENT_PROJECT_VERSION = 1;
				DEVELOPMENT_TEAM = 5H954Y6JS7;
				GENERATE_INFOPLIST_FILE = YES;
				MARKETING_VERSION = 1.0;
				PRODUCT_BUNDLE_IDENTIFIER = jp.gardenall.ImagePagerUITests;
				PRODUCT_NAME = "$(TARGET_NAME)";
				SWIFT_EMIT_LOC_STRINGS = NO;
				SWIFT_VERSION = 5.0;
				TARGETED_DEVICE_FAMILY = "1,2";
				TEST_TARGET_NAME = ImagePager;
			};
			name = Release;
		};
/* End XCBuildConfiguration section */

/* Begin XCConfigurationList section */
		E49365E62BBCF2850093D286 /* Build configuration list for PBXProject "ImagePager" */ = {
			isa = XCConfigurationList;
			buildConfigurations = (
				E493660D2BBCF2860093D286 /* Debug */,
				E493660E2BBCF2860093D286 /* Release */,
			);
			defaultConfigurationIsVisible = 0;
			defaultConfigurationName = Release;
		};
		E493660F2BBCF2860093D286 /* Build configuration list for PBXNativeTarget "ImagePager" */ = {
			isa = XCConfigurationList;
			buildConfigurations = (
				E49366102BBCF2860093D286 /* Debug */,
				E49366112BBCF2860093D286 /* Release */,
			);
			defaultConfigurationIsVisible = 0;
			defaultConfigurationName = Release;
		};
		E49366122BBCF2860093D286 /* Build configuration list for PBXNativeTarget "ImagePagerTests" */ = {
			isa = XCConfigurationList;
			buildConfigurations = (
				E49366132BBCF2860093D286 /* Debug */,
				E49366142BBCF2860093D286 /* Release */,
			);
			defaultConfigurationIsVisible = 0;
			defaultConfigurationName = Release;
		};
		E49366152BBCF2860093D286 /* Build configuration list for PBXNativeTarget "ImagePagerUITests" */ = {
			isa = XCConfigurationList;
			buildConfigurations = (
				E49366162BBCF2860093D286 /* Debug */,
				E49366172BBCF2860093D286 /* Release */,
			);
			defaultConfigurationIsVisible = 0;
			defaultConfigurationName = Release;
		};
/* End XCConfigurationList section */

/* Begin XCRemoteSwiftPackageReference section */
		E493661C2BBCF5390093D286 /* XCRemoteSwiftPackageReference "Nuke" */ = {
			isa = XCRemoteSwiftPackageReference;
			repositoryURL = "https://github.com/kean/Nuke";
			requirement = {
				kind = upToNextMajorVersion;
				minimumVersion = 12.5.0;
			};
		};
/* End XCRemoteSwiftPackageReference section */

/* Begin XCSwiftPackageProductDependency section */
		E493661D2BBCF5390093D286 /* Nuke */ = {
			isa = XCSwiftPackageProductDependency;
			package = E493661C2BBCF5390093D286 /* XCRemoteSwiftPackageReference "Nuke" */;
			productName = Nuke;
		};
		E493661F2BBCF5390093D286 /* NukeUI */ = {
			isa = XCSwiftPackageProductDependency;
			package = E493661C2BBCF5390093D286 /* XCRemoteSwiftPackageReference "Nuke" */;
			productName = NukeUI;
		};
/* End XCSwiftPackageProductDependency section */
	};
	rootObject = E49365E32BBCF2850093D286 /* Project object */;
}
